
Microsoft Visual Studio Solution File, Format Version 12.00
# Visual Studio 2015
Project("{FAE04EC0-301F-11D3-BF4B-00C04F79EFBC}") = "Aikamatkustus.CSharp.Plugins", "Aikamatkustus.CSharp.Plugins.csproj", "{49F87812-4498-2D33-FF60-2F75A1D7A98D}"
EndProject
Project("{FAE04EC0-301F-11D3-BF4B-00C04F79EFBC}") = "Aikamatkustus.CSharp", "Aikamatkustus.CSharp.csproj", "{A5FBA312-C642-E3CD-3244-45E3D82D329F}"
EndProject
Project("{FAE04EC0-301F-11D3-BF4B-00C04F79EFBC}") = "Aikamatkustus.CSharp.Editor", "Aikamatkustus.CSharp.Editor.csproj", "{6225A941-778B-B7B4-D7CB-143197F86284}"
EndProject
Global
	GlobalSection(SolutionConfigurationPlatforms) = preSolution
		Debug|Any CPU = Debug|Any CPU
		Release|Any CPU = Release|Any CPU
	EndGlobalSection
	GlobalSection(ProjectConfigurationPlatforms) = postSolution
		{49F87812-4498-2D33-FF60-2F75A1D7A98D}.Debug|Any CPU.ActiveCfg = Debug|Any CPU
		{49F87812-4498-2D33-FF60-2F75A1D7A98D}.Debug|Any CPU.Build.0 = Debug|Any CPU
		{49F87812-4498-2D33-FF60-2F75A1D7A98D}.Release|Any CPU.ActiveCfg = Release|Any CPU
		{49F87812-4498-2D33-FF60-2F75A1D7A98D}.Release|Any CPU.Build.0 = Release|Any CPU
		{A5FBA312-C642-E3CD-3244-45E3D82D329F}.Debug|Any CPU.ActiveCfg = Debug|Any CPU
		{A5FBA312-C642-E3CD-3244-45E3D82D329F}.Debug|Any CPU.Build.0 = Debug|Any CPU
		{A5FBA312-C642-E3CD-3244-45E3D82D329F}.Release|Any CPU.ActiveCfg = Release|Any CPU
		{A5FBA312-C642-E3CD-3244-45E3D82D329F}.Release|Any CPU.Build.0 = Release|Any CPU
		{6225A941-778B-B7B4-D7CB-143197F86284}.Debug|Any CPU.ActiveCfg = Debug|Any CPU
		{6225A941-778B-B7B4-D7CB-143197F86284}.Debug|Any CPU.Build.0 = Debug|Any CPU
		{6225A941-778B-B7B4-D7CB-143197F86284}.Release|Any CPU.ActiveCfg = Release|Any CPU
		{6225A941-778B-B7B4-D7CB-143197F86284}.Release|Any CPU.Build.0 = Release|Any CPU
	EndGlobalSection
	GlobalSection(SolutionProperties) = preSolution
		HideSolutionNode = FALSE
	EndGlobalSection
EndGlobal
